{
  "version": 4,
  "terraform_version": "1.0.4",
  "serial": 5,
  "lineage": "4fd76dec-f7f9-3fb4-2166-cf1da2bba092",
  "outputs": {},
  "resources": [
    {
      "mode": "managed",
      "type": "docker_image",
      "name": "nginx_image",
      "provider": "provider[\"registry.terraform.io/kreuzwerker/docker\"]",
      "instances": [
        {
          "schema_version": 0,
          "attributes": {
            "build": [],
            "force_remove": null,
            "id": "sha256:dd34e67e3371dc2d1328790c3157ee42dfcae74afffd86b297459ed87a98c0fbnginx:latest",
            "keep_locally": null,
            "latest": "sha256:dd34e67e3371dc2d1328790c3157ee42dfcae74afffd86b297459ed87a98c0fb",
            "name": "nginx:latest",
            "output": null,
            "pull_trigger": null,
            "pull_triggers": null,
            "repo_digest": "nginx@sha256:4d4d96ac750af48c6a551d757c1cbfc071692309b491b70b2b8976e102dd3fef"
          },
          "sensitive_attributes": [],
          "private": "bnVsbA=="
        }
      ]
    }
  ]
}
