{
  "version": 4,
  "terraform_version": "1.0.4",
  "serial": 12,
  "lineage": "c2178a87-f81e-f664-09c9-5d0d2e666aa8",
  "outputs": {
    "bucketname": {
      "value": "la-terraform-1361",
      "type": "string"
    }
  },
  "resources": [
    {
      "mode": "managed",
      "type": "aws_s3_bucket",
      "name": "tf_code",
      "provider": "provider[\"registry.terraform.io/hashicorp/aws\"]",
      "instances": [
        {
          "schema_version": 0,
          "attributes": {
            "acceleration_status": "",
            "acl": "private",
            "arn": "arn:aws:s3:::la-terraform-1361",
            "bucket": "la-terraform-1361",
            "bucket_domain_name": "la-terraform-1361.s3.amazonaws.com",
            "bucket_prefix": null,
            "bucket_regional_domain_name": "la-terraform-1361.s3.amazonaws.com",
            "cors_rule": [],
            "force_destroy": true,
            "grant": [],
            "hosted_zone_id": "Z3AQBSTGFYJSTF",
            "id": "la-terraform-1361",
            "lifecycle_rule": [],
            "logging": [],
            "object_lock_configuration": [],
            "policy": null,
            "region": "us-east-1",
            "replication_configuration": [],
            "request_payer": "BucketOwner",
            "server_side_encryption_configuration": [],
            "tags": {
              "Name": "tf_bucket"
            },
            "tags_all": {
              "Name": "tf_bucket"
            },
            "versioning": [
              {
                "enabled": false,
                "mfa_delete": false
              }
            ],
            "website": [],
            "website_domain": null,
            "website_endpoint": null
          },
          "sensitive_attributes": [],
          "private": "bnVsbA==",
          "dependencies": [
            "random_id.tf_bucket_id"
          ]
        }
      ]
    },
    {
      "mode": "managed",
      "type": "aws_vpc",
      "name": "example",
      "provider": "provider[\"registry.terraform.io/hashicorp/aws\"]",
      "instances": [
        {
          "schema_version": 1,
          "attributes": {
            "arn": "arn:aws:ec2:us-east-1:010531575764:vpc/vpc-0e556bfcf5ca5f760",
            "assign_generated_ipv6_cidr_block": false,
            "cidr_block": "10.0.0.0/16",
            "default_network_acl_id": "acl-09bc693395ff19bbe",
            "default_route_table_id": "rtb-080da352abfca2f32",
            "default_security_group_id": "sg-0f1b9663f5a5d8deb",
            "dhcp_options_id": "dopt-c12b37bb",
            "enable_classiclink": false,
            "enable_classiclink_dns_support": false,
            "enable_dns_hostnames": false,
            "enable_dns_support": true,
            "id": "vpc-0e556bfcf5ca5f760",
            "instance_tenancy": "default",
            "ipv6_association_id": "",
            "ipv6_cidr_block": "",
            "main_route_table_id": "rtb-080da352abfca2f32",
            "owner_id": "010531575764",
            "tags": null,
            "tags_all": {}
          },
          "sensitive_attributes": [],
          "private": "eyJzY2hlbWFfdmVyc2lvbiI6IjEifQ=="
        }
      ]
    },
    {
      "mode": "managed",
      "type": "random_id",
      "name": "tf_bucket_id",
      "provider": "provider[\"registry.terraform.io/hashicorp/random\"]",
      "instances": [
        {
          "schema_version": 0,
          "attributes": {
            "b64_std": "BVE=",
            "b64_url": "BVE",
            "byte_length": 2,
            "dec": "1361",
            "hex": "0551",
            "id": "BVE",
            "keepers": null,
            "prefix": null
          },
          "sensitive_attributes": [],
          "private": "bnVsbA=="
        }
      ]
    }
  ]
}
